
Microsoft Visual Studio Solution File, Format Version 12.00
# Visual Studio 15
VisualStudioVersion = 15.0.27703.2000
MinimumVisualStudioVersion = 10.0.40219.1
Project("{FAE04EC0-301F-11D3-BF4B-00C04F79EFBC}") = "Tests.ExceptionReporter", "src\Test.ExceptionReporter\Tests.ExceptionReporter.csproj", "{38C592CC-F774-4A0F-95FA-318AB0DDB476}"
EndProject
Project("{FAE04EC0-301F-11D3-BF4B-00C04F79EFBC}") = "ExceptionReporter", "src\ExceptionReporter\ExceptionReporter.csproj", "{C49896A3-C0DA-45C4-B30E-4D17E548DBF6}"
EndProject
Project("{2150E333-8FDC-42A3-9474-1A3956D46DE8}") = "Demos", "Demos", "{CD7BE2D9-7FF4-474A-9F4F-C06FAE73C5FE}"
EndProject
Project("{2150E333-8FDC-42A3-9474-1A3956D46DE8}") = "Solution Items", "Solution Items", "{38F62D1C-217F-4B7F-A57F-CABB1ABB45F5}"
	ProjectSection(SolutionItems) = preProject
		.gitignore = .gitignore
		ACKNOWLEDGMENTS.md = ACKNOWLEDGMENTS.md
		AUTHORS.md = AUTHORS.md
		CHANGELOG.md = CHANGELOG.md
		CODE_OF_CONDUCT.md = CODE_OF_CONDUCT.md
		CONTRIBUTING.md = CONTRIBUTING.md
		LICENSE.txt = LICENSE.txt
		README.md = README.md
		RELEASE.md = RELEASE.md
		ROADMAP.md = ROADMAP.md
		Shark.NET-Error-Reporter.sln.licenseheader = Shark.NET-Error-Reporter.sln.licenseheader
		TODO.md = TODO.md
	EndProjectSection
EndProject
Project("{E24C65DC-7377-472B-9ABA-BC803B73C61A}") = "docs", "docs\", "{1AD59F85-F7AE-4F12-8B2B-C8D54C52F56E}"
	ProjectSection(WebsiteProperties) = preProject
		TargetFrameworkMoniker = ".NETFramework,Version%3Dv4.0"
		Debug.AspNetCompiler.VirtualPath = "/localhost_55391"
		Debug.AspNetCompiler.PhysicalPath = "docs\"
		Debug.AspNetCompiler.TargetPath = "PrecompiledWeb\localhost_55391\"
		Debug.AspNetCompiler.Updateable = "true"
		Debug.AspNetCompiler.ForceOverwrite = "true"
		Debug.AspNetCompiler.FixedNames = "false"
		Debug.AspNetCompiler.Debug = "True"
		Release.AspNetCompiler.VirtualPath = "/localhost_55391"
		Release.AspNetCompiler.PhysicalPath = "docs\"
		Release.AspNetCompiler.TargetPath = "PrecompiledWeb\localhost_55391\"
		Release.AspNetCompiler.Updateable = "true"
		Release.AspNetCompiler.ForceOverwrite = "true"
		Release.AspNetCompiler.FixedNames = "false"
		Release.AspNetCompiler.Debug = "False"
		VWDPort = "55391"
		SlnRelativePath = "docs\"
	EndProjectSection
EndProject
Project("{FAE04EC0-301F-11D3-BF4B-00C04F79EFBC}") = "SharkErrorReporter", "src\SharkErrorReporter\SharkErrorReporter.csproj", "{91C69636-94EB-4524-83A7-01CAB5072378}"
EndProject
Project("{FAE04EC0-301F-11D3-BF4B-00C04F79EFBC}") = "ER.Demo.WebServer", "src\Demos\Web\ER.Demo.WebServer\ER.Demo.WebServer.csproj", "{7060CC03-C582-43A3-8DC0-255AEFBC1AC4}"
EndProject
Project("{FAE04EC0-301F-11D3-BF4B-00C04F79EFBC}") = "ER.Demo.WinForms", "src\Demos\Winforms\ER.WinForms\ER.Demo.WinForms.csproj", "{2FC9BAC6-3AC4-43C2-A8E2-C9655446531E}"
EndProject
Project("{FAE04EC0-301F-11D3-BF4B-00C04F79EFBC}") = "WMIWinforms", "src\Demos\Winforms\WMISystemQuery\WMIWinforms.csproj", "{C71A4B64-A13E-458A-84E5-BA37D59BD621}"
EndProject
Global
	GlobalSection(SolutionConfigurationPlatforms) = preSolution
		Debug|Any CPU = Debug|Any CPU
		Debug|x64 = Debug|x64
		Debug|x86 = Debug|x86
		Release|Any CPU = Release|Any CPU
		Release|x64 = Release|x64
		Release|x86 = Release|x86
	EndGlobalSection
	GlobalSection(ProjectConfigurationPlatforms) = postSolution
		{38C592CC-F774-4A0F-95FA-318AB0DDB476}.Debug|Any CPU.ActiveCfg = Debug|Any CPU
		{38C592CC-F774-4A0F-95FA-318AB0DDB476}.Debug|Any CPU.Build.0 = Debug|Any CPU
		{38C592CC-F774-4A0F-95FA-318AB0DDB476}.Debug|x64.ActiveCfg = Debug|Any CPU
		{38C592CC-F774-4A0F-95FA-318AB0DDB476}.Debug|x86.ActiveCfg = Debug|Any CPU
		{38C592CC-F774-4A0F-95FA-318AB0DDB476}.Debug|x86.Build.0 = Debug|Any CPU
		{38C592CC-F774-4A0F-95FA-318AB0DDB476}.Release|Any CPU.ActiveCfg = Debug|Any CPU
		{38C592CC-F774-4A0F-95FA-318AB0DDB476}.Release|Any CPU.Build.0 = Debug|Any CPU
		{38C592CC-F774-4A0F-95FA-318AB0DDB476}.Release|x64.ActiveCfg = Release|Any CPU
		{38C592CC-F774-4A0F-95FA-318AB0DDB476}.Release|x86.ActiveCfg = Release|Any CPU
		{38C592CC-F774-4A0F-95FA-318AB0DDB476}.Release|x86.Build.0 = Release|Any CPU
		{C49896A3-C0DA-45C4-B30E-4D17E548DBF6}.Debug|Any CPU.ActiveCfg = Debug|Any CPU
		{C49896A3-C0DA-45C4-B30E-4D17E548DBF6}.Debug|Any CPU.Build.0 = Debug|Any CPU
		{C49896A3-C0DA-45C4-B30E-4D17E548DBF6}.Debug|x64.ActiveCfg = Debug|Any CPU
		{C49896A3-C0DA-45C4-B30E-4D17E548DBF6}.Debug|x64.Build.0 = Debug|Any CPU
		{C49896A3-C0DA-45C4-B30E-4D17E548DBF6}.Debug|x86.ActiveCfg = Debug|Any CPU
		{C49896A3-C0DA-45C4-B30E-4D17E548DBF6}.Debug|x86.Build.0 = Debug|Any CPU
		{C49896A3-C0DA-45C4-B30E-4D17E548DBF6}.Release|Any CPU.ActiveCfg = Release|Any CPU
		{C49896A3-C0DA-45C4-B30E-4D17E548DBF6}.Release|Any CPU.Build.0 = Release|Any CPU
		{C49896A3-C0DA-45C4-B30E-4D17E548DBF6}.Release|x64.ActiveCfg = Release|Any CPU
		{C49896A3-C0DA-45C4-B30E-4D17E548DBF6}.Release|x64.Build.0 = Release|Any CPU
		{C49896A3-C0DA-45C4-B30E-4D17E548DBF6}.Release|x86.ActiveCfg = Release|Any CPU
		{C49896A3-C0DA-45C4-B30E-4D17E548DBF6}.Release|x86.Build.0 = Release|Any CPU
		{1AD59F85-F7AE-4F12-8B2B-C8D54C52F56E}.Debug|Any CPU.ActiveCfg = Debug|Any CPU
		{1AD59F85-F7AE-4F12-8B2B-C8D54C52F56E}.Debug|Any CPU.Build.0 = Debug|Any CPU
		{1AD59F85-F7AE-4F12-8B2B-C8D54C52F56E}.Debug|x64.ActiveCfg = Debug|Any CPU
		{1AD59F85-F7AE-4F12-8B2B-C8D54C52F56E}.Debug|x64.Build.0 = Debug|Any CPU
		{1AD59F85-F7AE-4F12-8B2B-C8D54C52F56E}.Debug|x86.ActiveCfg = Debug|Any CPU
		{1AD59F85-F7AE-4F12-8B2B-C8D54C52F56E}.Debug|x86.Build.0 = Debug|Any CPU
		{1AD59F85-F7AE-4F12-8B2B-C8D54C52F56E}.Release|Any CPU.ActiveCfg = Debug|Any CPU
		{1AD59F85-F7AE-4F12-8B2B-C8D54C52F56E}.Release|Any CPU.Build.0 = Debug|Any CPU
		{1AD59F85-F7AE-4F12-8B2B-C8D54C52F56E}.Release|x64.ActiveCfg = Debug|Any CPU
		{1AD59F85-F7AE-4F12-8B2B-C8D54C52F56E}.Release|x64.Build.0 = Debug|Any CPU
		{1AD59F85-F7AE-4F12-8B2B-C8D54C52F56E}.Release|x86.ActiveCfg = Debug|Any CPU
		{1AD59F85-F7AE-4F12-8B2B-C8D54C52F56E}.Release|x86.Build.0 = Debug|Any CPU
		{91C69636-94EB-4524-83A7-01CAB5072378}.Debug|Any CPU.ActiveCfg = Debug|Any CPU
		{91C69636-94EB-4524-83A7-01CAB5072378}.Debug|Any CPU.Build.0 = Debug|Any CPU
		{91C69636-94EB-4524-83A7-01CAB5072378}.Debug|x64.ActiveCfg = Debug|Any CPU
		{91C69636-94EB-4524-83A7-01CAB5072378}.Debug|x64.Build.0 = Debug|Any CPU
		{91C69636-94EB-4524-83A7-01CAB5072378}.Debug|x86.ActiveCfg = Debug|Any CPU
		{91C69636-94EB-4524-83A7-01CAB5072378}.Debug|x86.Build.0 = Debug|Any CPU
		{91C69636-94EB-4524-83A7-01CAB5072378}.Release|Any CPU.ActiveCfg = Release|Any CPU
		{91C69636-94EB-4524-83A7-01CAB5072378}.Release|Any CPU.Build.0 = Release|Any CPU
		{91C69636-94EB-4524-83A7-01CAB5072378}.Release|x64.ActiveCfg = Release|Any CPU
		{91C69636-94EB-4524-83A7-01CAB5072378}.Release|x64.Build.0 = Release|Any CPU
		{91C69636-94EB-4524-83A7-01CAB5072378}.Release|x86.ActiveCfg = Release|Any CPU
		{91C69636-94EB-4524-83A7-01CAB5072378}.Release|x86.Build.0 = Release|Any CPU
		{7060CC03-C582-43A3-8DC0-255AEFBC1AC4}.Debug|Any CPU.ActiveCfg = Debug|Any CPU
		{7060CC03-C582-43A3-8DC0-255AEFBC1AC4}.Debug|Any CPU.Build.0 = Debug|Any CPU
		{7060CC03-C582-43A3-8DC0-255AEFBC1AC4}.Debug|x64.ActiveCfg = Debug|Any CPU
		{7060CC03-C582-43A3-8DC0-255AEFBC1AC4}.Debug|x64.Build.0 = Debug|Any CPU
		{7060CC03-C582-43A3-8DC0-255AEFBC1AC4}.Debug|x86.ActiveCfg = Debug|Any CPU
		{7060CC03-C582-43A3-8DC0-255AEFBC1AC4}.Debug|x86.Build.0 = Debug|Any CPU
		{7060CC03-C582-43A3-8DC0-255AEFBC1AC4}.Release|Any CPU.ActiveCfg = Release|Any CPU
		{7060CC03-C582-43A3-8DC0-255AEFBC1AC4}.Release|Any CPU.Build.0 = Release|Any CPU
		{7060CC03-C582-43A3-8DC0-255AEFBC1AC4}.Release|x64.ActiveCfg = Release|Any CPU
		{7060CC03-C582-43A3-8DC0-255AEFBC1AC4}.Release|x64.Build.0 = Release|Any CPU
		{7060CC03-C582-43A3-8DC0-255AEFBC1AC4}.Release|x86.ActiveCfg = Release|Any CPU
		{7060CC03-C582-43A3-8DC0-255AEFBC1AC4}.Release|x86.Build.0 = Release|Any CPU
		{2FC9BAC6-3AC4-43C2-A8E2-C9655446531E}.Debug|Any CPU.ActiveCfg = Debug|Any CPU
		{2FC9BAC6-3AC4-43C2-A8E2-C9655446531E}.Debug|Any CPU.Build.0 = Debug|Any CPU
		{2FC9BAC6-3AC4-43C2-A8E2-C9655446531E}.Debug|x64.ActiveCfg = Debug|Any CPU
		{2FC9BAC6-3AC4-43C2-A8E2-C9655446531E}.Debug|x64.Build.0 = Debug|Any CPU
		{2FC9BAC6-3AC4-43C2-A8E2-C9655446531E}.Debug|x86.ActiveCfg = Debug|Any CPU
		{2FC9BAC6-3AC4-43C2-A8E2-C9655446531E}.Debug|x86.Build.0 = Debug|Any CPU
		{2FC9BAC6-3AC4-43C2-A8E2-C9655446531E}.Release|Any CPU.ActiveCfg = Release|Any CPU
		{2FC9BAC6-3AC4-43C2-A8E2-C9655446531E}.Release|Any CPU.Build.0 = Release|Any CPU
		{2FC9BAC6-3AC4-43C2-A8E2-C9655446531E}.Release|x64.ActiveCfg = Release|Any CPU
		{2FC9BAC6-3AC4-43C2-A8E2-C9655446531E}.Release|x64.Build.0 = Release|Any CPU
		{2FC9BAC6-3AC4-43C2-A8E2-C9655446531E}.Release|x86.ActiveCfg = Release|Any CPU
		{2FC9BAC6-3AC4-43C2-A8E2-C9655446531E}.Release|x86.Build.0 = Release|Any CPU
		{C71A4B64-A13E-458A-84E5-BA37D59BD621}.Debug|Any CPU.ActiveCfg = Debug|Any CPU
		{C71A4B64-A13E-458A-84E5-BA37D59BD621}.Debug|Any CPU.Build.0 = Debug|Any CPU
		{C71A4B64-A13E-458A-84E5-BA37D59BD621}.Debug|x64.ActiveCfg = Debug|x64
		{C71A4B64-A13E-458A-84E5-BA37D59BD621}.Debug|x64.Build.0 = Debug|x64
		{C71A4B64-A13E-458A-84E5-BA37D59BD621}.Debug|x86.ActiveCfg = Debug|Any CPU
		{C71A4B64-A13E-458A-84E5-BA37D59BD621}.Debug|x86.Build.0 = Debug|Any CPU
		{C71A4B64-A13E-458A-84E5-BA37D59BD621}.Release|Any CPU.ActiveCfg = Release|Any CPU
		{C71A4B64-A13E-458A-84E5-BA37D59BD621}.Release|Any CPU.Build.0 = Release|Any CPU
		{C71A4B64-A13E-458A-84E5-BA37D59BD621}.Release|x64.ActiveCfg = Release|x64
		{C71A4B64-A13E-458A-84E5-BA37D59BD621}.Release|x64.Build.0 = Release|x64
		{C71A4B64-A13E-458A-84E5-BA37D59BD621}.Release|x86.ActiveCfg = Release|Any CPU
		{C71A4B64-A13E-458A-84E5-BA37D59BD621}.Release|x86.Build.0 = Release|Any CPU
	EndGlobalSection
	GlobalSection(SolutionProperties) = preSolution
		HideSolutionNode = FALSE
	EndGlobalSection
	GlobalSection(NestedProjects) = preSolution
		{7060CC03-C582-43A3-8DC0-255AEFBC1AC4} = {CD7BE2D9-7FF4-474A-9F4F-C06FAE73C5FE}
		{2FC9BAC6-3AC4-43C2-A8E2-C9655446531E} = {CD7BE2D9-7FF4-474A-9F4F-C06FAE73C5FE}
		{C71A4B64-A13E-458A-84E5-BA37D59BD621} = {CD7BE2D9-7FF4-474A-9F4F-C06FAE73C5FE}
	EndGlobalSection
	GlobalSection(ExtensibilityGlobals) = postSolution
		SolutionGuid = {A41916D2-4760-445D-A8C7-B3058A358266}
	EndGlobalSection
	GlobalSection(MonoDevelopProperties) = preSolution
		Policies = $0
		$0.DotNetNamingPolicy = $1
		$1.DirectoryNamespaceAssociation = PrefixedHierarchical
		$0.TextStylePolicy = $4
		version = 2.5
		description = ExceptionReporter is a .NET component which shows an interface and gathers detailed informaton on an Exception and the application/system running it
	EndGlobalSection
EndGlobal
